<?xml version="1.0" encoding="utf-8"?>
<Project ToolsVersion="4.0" xmlns="http://schemas.microsoft.com/developer/msbuild/2003">
  <ItemGroup>
    <Filter Include="Source Files">
      <UniqueIdentifier>{4FC737F1-C7A5-4376-A066-2A32D752A2FF}</UniqueIdentifier>
      <Extensions>cpp;c;cc;cxx;def;odl;idl;hpj;bat;asm;asmx</Extensions>
    </Filter>
    <Filter Include="Header Files">
      <UniqueIdentifier>{93995380-89BD-4b04-88EB-625FBE52EBFB}</UniqueIdentifier>
      <Extensions>h;hh;hpp;hxx;hm;inl;inc;xsd</Extensions>
    </Filter>
    <Filter Include="Resource Files">
      <UniqueIdentifier>{67DA6AB6-F800-4c08-8B7A-83BB121AAD01}</UniqueIdentifier>
      <Extensions>rc;ico;cur;bmp;dlg;rc2;rct;bin;rgs;gif;jpg;jpeg;jpe;resx;tiff;tif;png;wav;mfcribbon-ms</Extensions>
    </Filter>
    <Filter Include="Surface">
      <UniqueIdentifier>{f8a21d13-7902-42e0-81ae-66d80f5b3d60}</UniqueIdentifier>
    </Filter>
    <Filter Include="Utility">
      <UniqueIdentifier>{b0c51bd9-5bfa-44fe-9eaf-0d61f6b21da0}</UniqueIdentifier>
    </Filter>
  </ItemGroup>
  <ItemGroup>
    <ClInclude Include="Profile.h">
      <Filter>Header Files</Filter>
    </ClInclude>
    <ClInclude Include="Surface.h">
      <Filter>Header Files</Filter>
    </ClInclude>
    <ClInclude Include="GDKUtility.h">
      <Filter>Header Files</Filter>
    </ClInclude>
    <ClInclude Include="Def.h">
      <Filter>Header Files</Filter>
    </ClInclude>
    <ClInclude Include="Utility\Utility_Surface.h">
      <Filter>Utility</Filter>
    </ClInclude>
    <ClInclude Include="GDKLib.h">
      <Filter>Header Files</Filter>
    </ClInclude>
    <ClInclude Include="Utility\Utility_Transform.h">
      <Filter>Utility</Filter>
    </ClInclude>
    <ClInclude Include="Surface\Surface_Edge.h">
      <Filter>Surface</Filter>
    </ClInclude>
    <ClInclude Include="Surface\Surface_Image.h">
      <Filter>Surface</Filter>
    </ClInclude>
    <ClInclude Include="Surface\Surface_Z.h">
      <Filter>Surface</Filter>
    </ClInclude>
    <ClInclude Include="Utility\Utility_Debug.h">
      <Filter>Utility</Filter>
    </ClInclude>
    <ClInclude Include="Utility\Utility_Surface_Visualization.h">
      <Filter>Utility</Filter>
    </ClInclude>
    <ClInclude Include="Utility\Utility_Graphics.h">
      <Filter>Utility</Filter>
    </ClInclude>
    <ClInclude Include="TypeDef.h">
      <Filter>Header Files</Filter>
    </ClInclude>
    <ClInclude Include="Surface\Surface_Geometry.h">
      <Filter>Surface</Filter>
    </ClInclude>
    <ClInclude Include="Surface\Surface_Fitting.h">
      <Filter>Surface</Filter>
    </ClInclude>
  </ItemGroup>
  <ItemGroup>
    <ClCompile Include="Profile.c">
      <Filter>Source Files</Filter>
    </ClCompile>
    <ClCompile Include="Surface.c">
      <Filter>Source Files</Filter>
    </ClCompile>
    <ClCompile Include="GDKUtility.c">
      <Filter>Source Files</Filter>
    </ClCompile>
    <ClCompile Include="Utility\Utility_Surface.c">
      <Filter>Source Files</Filter>
    </ClCompile>
    <ClCompile Include="Utility\Utility_Transform.c">
      <Filter>Source Files</Filter>
    </ClCompile>
    <ClCompile Include="Surface\Surface_Edge.c">
      <Filter>Source Files</Filter>
    </ClCompile>
    <ClCompile Include="Surface\Surface_Image.c">
      <Filter>Source Files</Filter>
    </ClCompile>
    <ClCompile Include="Surface\Surface_Z.c">
      <Filter>Source Files</Filter>
    </ClCompile>
    <ClCompile Include="Utility\Utility_Debug.c">
      <Filter>Source Files</Filter>
    </ClCompile>
    <ClCompile Include="Utility\Utility_Surface_Visualization.c">
      <Filter>Source Files</Filter>
    </ClCompile>
    <ClCompile Include="Utility\Utility_Graphics.c">
      <Filter>Source Files</Filter>
    </ClCompile>
    <ClCompile Include="Surface\Surface_Geometry.c">
      <Filter>Source Files</Filter>
    </ClCompile>
    <ClCompile Include="Surface\Surface_Fitting.c">
      <Filter>Source Files</Filter>
    </ClCompile>
  </ItemGroup>
</Project>